
Microsoft Visual Studio Solution File, Format Version 12.00
# Visual Studio Version 17
VisualStudioVersion = 17.10.35013.160
MinimumVisualStudioVersion = 10.0.40219.1
Project("{FAE04EC0-301F-11D3-BF4B-00C04F79EFBC}") = "azure-app div vs", "azure-app div vs.csproj", "{A69DC084-84F2-437D-B7CE-9345A19413F7}"
EndProject
Global
	GlobalSection(SolutionConfigurationPlatforms) = preSolution
		Debug|Any CPU = Debug|Any CPU
		Release|Any CPU = Release|Any CPU
	EndGlobalSection
	GlobalSection(ProjectConfigurationPlatforms) = postSolution
		{A69DC084-84F2-437D-B7CE-9345A19413F7}.Debug|Any CPU.ActiveCfg = Debug|Any CPU
		{A69DC084-84F2-437D-B7CE-9345A19413F7}.Debug|Any CPU.Build.0 = Debug|Any CPU
		{A69DC084-84F2-437D-B7CE-9345A19413F7}.Release|Any CPU.ActiveCfg = Release|Any CPU
		{A69DC084-84F2-437D-B7CE-9345A19413F7}.Release|Any CPU.Build.0 = Release|Any CPU
	EndGlobalSection
	GlobalSection(SolutionProperties) = preSolution
		HideSolutionNode = FALSE
	EndGlobalSection
	GlobalSection(ExtensibilityGlobals) = postSolution
		SolutionGuid = {49EC1D3F-91CA-4CF6-8662-5B78B7339A19}
	EndGlobalSection
EndGlobal
